
Microsoft Visual Studio Solution File, Format Version 12.00
# Visual Studio Version 16
VisualStudioVersion = 16.0.28803.202
MinimumVisualStudioVersion = 10.0.40219.1
Project("{FAE04EC0-301F-11D3-BF4B-00C04F79EFBC}") = "OsuBGChangerRemover", "OsuBGChangerRemover.csproj", "{003F9095-F95C-434C-B997-D3C5D87CC784}"
EndProject
Global
	GlobalSection(SolutionConfigurationPlatforms) = preSolution
		Debug|Any CPU = Debug|Any CPU
		Release|Any CPU = Release|Any CPU
	EndGlobalSection
	GlobalSection(ProjectConfigurationPlatforms) = postSolution
		{003F9095-F95C-434C-B997-D3C5D87CC784}.Debug|Any CPU.ActiveCfg = Debug|Any CPU
		{003F9095-F95C-434C-B997-D3C5D87CC784}.Debug|Any CPU.Build.0 = Debug|Any CPU
		{003F9095-F95C-434C-B997-D3C5D87CC784}.Release|Any CPU.ActiveCfg = Release|Any CPU
		{003F9095-F95C-434C-B997-D3C5D87CC784}.Release|Any CPU.Build.0 = Release|Any CPU
	EndGlobalSection
	GlobalSection(SolutionProperties) = preSolution
		HideSolutionNode = FALSE
	EndGlobalSection
	GlobalSection(ExtensibilityGlobals) = postSolution
		SolutionGuid = {62889207-DDD2-4679-BF32-F5B42103F646}
	EndGlobalSection
EndGlobal
